
Microsoft Visual Studio Solution File, Format Version 12.00
# Visual Studio 15
VisualStudioVersion = 15.0.28010.2041
MinimumVisualStudioVersion = 10.0.40219.1
Project("{FAE04EC0-301F-11D3-BF4B-00C04F79EFBC}") = "PreventScreensaver", "PreventScreensaver\PreventScreensaver.csproj", "{78CBF707-ADF4-4190-89C0-FB4BEB15CBDC}"
EndProject
Global
	GlobalSection(SolutionConfigurationPlatforms) = preSolution
		Debug|Any CPU = Debug|Any CPU
		Release|Any CPU = Release|Any CPU
	EndGlobalSection
	GlobalSection(ProjectConfigurationPlatforms) = postSolution
		{78CBF707-ADF4-4190-89C0-FB4BEB15CBDC}.Debug|Any CPU.ActiveCfg = Debug|Any CPU
		{78CBF707-ADF4-4190-89C0-FB4BEB15CBDC}.Debug|Any CPU.Build.0 = Debug|Any CPU
		{78CBF707-ADF4-4190-89C0-FB4BEB15CBDC}.Release|Any CPU.ActiveCfg = Release|Any CPU
		{78CBF707-ADF4-4190-89C0-FB4BEB15CBDC}.Release|Any CPU.Build.0 = Release|Any CPU
	EndGlobalSection
	GlobalSection(SolutionProperties) = preSolution
		HideSolutionNode = FALSE
	EndGlobalSection
	GlobalSection(ExtensibilityGlobals) = postSolution
		SolutionGuid = {B712CDF2-BC5C-4CAA-87D4-6BD638A9FDC4}
	EndGlobalSection
EndGlobal
